{
  "version": 4,
  "terraform_version": "1.1.7",
  "serial": 51,
  "lineage": "dfe9760c-6727-340c-453b-d69ae1c8b630",
  "outputs": {},
  "resources": [
    {
      "mode": "data",
      "type": "archive_file",
      "name": "file_function_app",
      "provider": "provider[\"registry.terraform.io/hashicorp/archive\"]",
      "instances": [
        {
          "schema_version": 0,
          "attributes": {
            "excludes": null,
            "id": "ad67df2915660904bf1987b023968f3278e25b54",
            "output_base64sha256": "3YZTfth8WRVFar4E4QORk0djjYMVrxRVaC/mortBAxo=",
            "output_file_mode": null,
            "output_md5": "7c38c0369de4e7f198d1c8bc49a53c03",
            "output_path": "function.zip",
            "output_sha": "ad67df2915660904bf1987b023968f3278e25b54",
            "output_size": 1858,
            "source": [],
            "source_content": null,
            "source_content_filename": null,
            "source_dir": "../function",
            "source_file": null,
            "type": "zip"
          },
          "sensitive_attributes": []
        }
      ]
    },
    {
      "mode": "managed",
      "type": "azurerm_resource_group",
      "name": "group",
      "provider": "provider[\"registry.terraform.io/hashicorp/azurerm\"]",
      "instances": [
        {
          "schema_version": 0,
          "attributes": {
            "id": "/subscriptions/9f74b8e4-4971-43b8-9375-a0e0a633af3a/resourceGroups/FuckBudget_RG",
            "location": "ukwest",
            "name": "FuckBudget_RG",
            "tags": {},
            "timeouts": null
          },
          "sensitive_attributes": [],
          "private": "eyJlMmJmYjczMC1lY2FhLTExZTYtOGY4OC0zNDM2M2JjN2M0YzAiOnsiY3JlYXRlIjo1NDAwMDAwMDAwMDAwLCJkZWxldGUiOjU0MDAwMDAwMDAwMDAsInJlYWQiOjMwMDAwMDAwMDAwMCwidXBkYXRlIjo1NDAwMDAwMDAwMDAwfX0="
        }
      ]
    },
    {
      "mode": "managed",
      "type": "azurerm_service_plan",
      "name": "asp",
      "provider": "provider[\"registry.terraform.io/hashicorp/azurerm\"]",
      "instances": [
        {
          "schema_version": 0,
          "attributes": {
            "app_service_environment_id": "",
            "id": "/subscriptions/9f74b8e4-4971-43b8-9375-a0e0a633af3a/resourceGroups/FuckBudget_RG/providers/Microsoft.Web/serverfarms/FuckBudget_SP",
            "kind": "functionapp",
            "location": "ukwest",
            "maximum_elastic_worker_count": 1,
            "name": "FuckBudget_SP",
            "os_type": "Windows",
            "per_site_scaling_enabled": false,
            "reserved": false,
            "resource_group_name": "FuckBudget_RG",
            "sku_name": "Y1",
            "tags": {},
            "timeouts": null,
            "worker_count": 0
          },
          "sensitive_attributes": [],
          "private": "eyJlMmJmYjczMC1lY2FhLTExZTYtOGY4OC0zNDM2M2JjN2M0YzAiOnsiY3JlYXRlIjozNjAwMDAwMDAwMDAwLCJkZWxldGUiOjM2MDAwMDAwMDAwMDAsInJlYWQiOjMwMDAwMDAwMDAwMCwidXBkYXRlIjozNjAwMDAwMDAwMDAwfX0=",
          "dependencies": [
            "azurerm_resource_group.group"
          ]
        }
      ]
    },
    {
      "mode": "managed",
      "type": "azurerm_storage_account",
      "name": "storage",
      "provider": "provider[\"registry.terraform.io/hashicorp/azurerm\"]",
      "instances": [
        {
          "schema_version": 3,
          "attributes": {
            "access_tier": "Hot",
            "account_kind": "StorageV2",
            "account_replication_type": "LRS",
            "account_tier": "Standard",
            "allow_nested_items_to_be_public": true,
            "azure_files_authentication": [],
            "blob_properties": [
              {
                "change_feed_enabled": false,
                "container_delete_retention_policy": [],
                "cors_rule": [],
                "default_service_version": "",
                "delete_retention_policy": [],
                "last_access_time_enabled": false,
                "versioning_enabled": false
              }
            ],
            "custom_domain": [],
            "customer_managed_key": [],
            "edge_zone": "",
            "enable_https_traffic_only": true,
            "id": "/subscriptions/9f74b8e4-4971-43b8-9375-a0e0a633af3a/resourceGroups/FuckBudget_RG/providers/Microsoft.Storage/storageAccounts/fuckbudgetsa",
            "identity": [],
            "infrastructure_encryption_enabled": false,
            "is_hns_enabled": false,
            "large_file_share_enabled": null,
            "location": "ukwest",
            "min_tls_version": "TLS1_2",
            "name": "fuckbudgetsa",
            "network_rules": [
              {
                "bypass": [
                  "AzureServices"
                ],
                "default_action": "Allow",
                "ip_rules": [],
                "private_link_access": [],
                "virtual_network_subnet_ids": []
              }
            ],
            "nfsv3_enabled": false,
            "primary_access_key": "Xu2u29xMYiqcwy0v/nthTZvHdehQGED24yJFurjMdSOl2dTpmpCole/SG4WNqF0OLiRSXwrGaNxxnVdxINCV2A==",
            "primary_blob_connection_string": "DefaultEndpointsProtocol=https;BlobEndpoint=https://fuckbudgetsa.blob.core.windows.net/;AccountName=fuckbudgetsa;AccountKey=Xu2u29xMYiqcwy0v/nthTZvHdehQGED24yJFurjMdSOl2dTpmpCole/SG4WNqF0OLiRSXwrGaNxxnVdxINCV2A==",
            "primary_blob_endpoint": "https://fuckbudgetsa.blob.core.windows.net/",
            "primary_blob_host": "fuckbudgetsa.blob.core.windows.net",
            "primary_connection_string": "DefaultEndpointsProtocol=https;AccountName=fuckbudgetsa;AccountKey=Xu2u29xMYiqcwy0v/nthTZvHdehQGED24yJFurjMdSOl2dTpmpCole/SG4WNqF0OLiRSXwrGaNxxnVdxINCV2A==;EndpointSuffix=core.windows.net",
            "primary_dfs_endpoint": "https://fuckbudgetsa.dfs.core.windows.net/",
            "primary_dfs_host": "fuckbudgetsa.dfs.core.windows.net",
            "primary_file_endpoint": "https://fuckbudgetsa.file.core.windows.net/",
            "primary_file_host": "fuckbudgetsa.file.core.windows.net",
            "primary_location": "ukwest",
            "primary_queue_endpoint": "https://fuckbudgetsa.queue.core.windows.net/",
            "primary_queue_host": "fuckbudgetsa.queue.core.windows.net",
            "primary_table_endpoint": "https://fuckbudgetsa.table.core.windows.net/",
            "primary_table_host": "fuckbudgetsa.table.core.windows.net",
            "primary_web_endpoint": "https://fuckbudgetsa.z35.web.core.windows.net/",
            "primary_web_host": "fuckbudgetsa.z35.web.core.windows.net",
            "queue_encryption_key_type": "Service",
            "queue_properties": [
              {
                "cors_rule": [],
                "hour_metrics": [
                  {
                    "enabled": true,
                    "include_apis": true,
                    "retention_policy_days": 7,
                    "version": "1.0"
                  }
                ],
                "logging": [
                  {
                    "delete": false,
                    "read": false,
                    "retention_policy_days": 0,
                    "version": "1.0",
                    "write": false
                  }
                ],
                "minute_metrics": [
                  {
                    "enabled": false,
                    "include_apis": false,
                    "retention_policy_days": 0,
                    "version": "1.0"
                  }
                ]
              }
            ],
            "resource_group_name": "FuckBudget_RG",
            "routing": [],
            "secondary_access_key": "uS/fdzPTclLrOoUeoJqsolS4xy9r1/hlmxPuQ5wmEwsGugMHUjHNDkr5vzvPndBNE9p6wLt+GFCDbTpRD6Hi/g==",
            "secondary_blob_connection_string": "",
            "secondary_blob_endpoint": null,
            "secondary_blob_host": null,
            "secondary_connection_string": "DefaultEndpointsProtocol=https;AccountName=fuckbudgetsa;AccountKey=uS/fdzPTclLrOoUeoJqsolS4xy9r1/hlmxPuQ5wmEwsGugMHUjHNDkr5vzvPndBNE9p6wLt+GFCDbTpRD6Hi/g==;EndpointSuffix=core.windows.net",
            "secondary_dfs_endpoint": null,
            "secondary_dfs_host": null,
            "secondary_file_endpoint": null,
            "secondary_file_host": null,
            "secondary_location": "",
            "secondary_queue_endpoint": null,
            "secondary_queue_host": null,
            "secondary_table_endpoint": null,
            "secondary_table_host": null,
            "secondary_web_endpoint": null,
            "secondary_web_host": null,
            "share_properties": [
              {
                "cors_rule": [],
                "retention_policy": [
                  {
                    "days": 7
                  }
                ],
                "smb": []
              }
            ],
            "shared_access_key_enabled": true,
            "static_website": [],
            "table_encryption_key_type": "Service",
            "tags": {},
            "timeouts": null
          },
          "sensitive_attributes": [],
          "private": "eyJlMmJmYjczMC1lY2FhLTExZTYtOGY4OC0zNDM2M2JjN2M0YzAiOnsiY3JlYXRlIjozNjAwMDAwMDAwMDAwLCJkZWxldGUiOjM2MDAwMDAwMDAwMDAsInJlYWQiOjMwMDAwMDAwMDAwMCwidXBkYXRlIjozNjAwMDAwMDAwMDAwfSwic2NoZW1hX3ZlcnNpb24iOiIzIn0=",
          "dependencies": [
            "azurerm_resource_group.group"
          ]
        }
      ]
    },
    {
      "mode": "managed",
      "type": "azurerm_windows_function_app",
      "name": "FuckBudget",
      "provider": "provider[\"registry.terraform.io/hashicorp/azurerm\"]",
      "instances": [
        {
          "schema_version": 0,
          "attributes": {
            "app_settings": {
              "WEBSITE_RUN_FROM_PACKAGE": "1"
            },
            "auth_settings": [
              {
                "active_directory": [],
                "additional_login_parameters": {},
                "allowed_external_redirect_urls": [],
                "default_provider": "",
                "enabled": false,
                "facebook": [],
                "github": [],
                "google": [],
                "issuer": "",
                "microsoft": [],
                "runtime_version": "",
                "token_refresh_extension_hours": 0,
                "token_store_enabled": false,
                "twitter": [],
                "unauthenticated_client_action": ""
              }
            ],
            "backup": [],
            "builtin_logging_enabled": true,
            "client_certificate_enabled": false,
            "client_certificate_mode": "Optional",
            "connection_string": [],
            "content_share_force_disabled": false,
            "custom_domain_verification_id": "",
            "daily_memory_time_quota": 0,
            "default_hostname": "",
            "enabled": true,
            "functions_extension_version": "~3",
            "https_only": false,
            "id": "/subscriptions/9f74b8e4-4971-43b8-9375-a0e0a633af3a/resourceGroups/FuckBudget_RG/providers/Microsoft.Web/sites/FuckBudget-test",
            "identity": [],
            "key_vault_reference_identity_id": "SystemAssigned",
            "kind": "functionapp",
            "location": "ukwest",
            "name": "FuckBudget-test",
            "outbound_ip_address_list": [],
            "outbound_ip_addresses": "",
            "possible_outbound_ip_address_list": [],
            "possible_outbound_ip_addresses": "",
            "resource_group_name": "FuckBudget_RG",
            "service_plan_id": "/subscriptions/9f74b8e4-4971-43b8-9375-a0e0a633af3a/resourceGroups/FuckBudget_RG/providers/Microsoft.Web/serverfarms/FuckBudget_SP",
            "site_config": [
              {
                "always_on": false,
                "api_definition_url": "",
                "api_management_api_id": "",
                "app_command_line": "",
                "app_scale_limit": 200,
                "app_service_logs": [],
                "application_insights_connection_string": "",
                "application_insights_key": "",
                "application_stack": [
                  {
                    "dotnet_version": "",
                    "java_version": "",
                    "node_version": "",
                    "powershell_core_version": "7",
                    "use_custom_runtime": false,
                    "use_dotnet_isolated_runtime": false
                  }
                ],
                "cors": [],
                "default_documents": [
                  "Default.htm",
                  "Default.html",
                  "Default.asp",
                  "index.htm",
                  "index.html",
                  "iisstart.htm",
                  "default.aspx",
                  "index.php"
                ],
                "detailed_error_logging_enabled": false,
                "elastic_instance_minimum": 0,
                "ftps_state": "Disabled",
                "health_check_eviction_time_in_min": 0,
                "health_check_path": "",
                "http2_enabled": false,
                "ip_restriction": [],
                "load_balancing_mode": "LeastRequests",
                "managed_pipeline_mode": "Integrated",
                "minimum_tls_version": "1.2",
                "pre_warmed_instance_count": 0,
                "remote_debugging_enabled": false,
                "remote_debugging_version": "",
                "runtime_scale_monitoring_enabled": false,
                "scm_ip_restriction": [],
                "scm_minimum_tls_version": "1.2",
                "scm_type": "None",
                "scm_use_main_ip_restriction": false,
                "use_32_bit_worker": true,
                "vnet_route_all_enabled": false,
                "websockets_enabled": false,
                "windows_fx_version": "PowerShell|7",
                "worker_count": 1
              }
            ],
            "site_credential": [
              {
                "name": "$FuckBudget-test",
                "password": "zbMvFiyonf7PrFvo1lF5BGxmE1ZDDsh5nGxiN2PfuHCrMfClJKC9hXLK5PHq"
              }
            ],
            "storage_account_access_key": "Xu2u29xMYiqcwy0v/nthTZvHdehQGED24yJFurjMdSOl2dTpmpCole/SG4WNqF0OLiRSXwrGaNxxnVdxINCV2A==",
            "storage_account_name": "fuckbudgetsa",
            "storage_key_vault_secret_id": "",
            "storage_uses_managed_identity": false,
            "tags": {},
            "timeouts": null
          },
          "sensitive_attributes": [
            [
              {
                "type": "get_attr",
                "value": "storage_account_access_key"
              }
            ]
          ],
          "private": "eyJlMmJmYjczMC1lY2FhLTExZTYtOGY4OC0zNDM2M2JjN2M0YzAiOnsiY3JlYXRlIjoxODAwMDAwMDAwMDAwLCJkZWxldGUiOjE4MDAwMDAwMDAwMDAsInJlYWQiOjMwMDAwMDAwMDAwMCwidXBkYXRlIjoxODAwMDAwMDAwMDAwfX0=",
          "dependencies": [
            "azurerm_resource_group.group",
            "azurerm_service_plan.asp",
            "azurerm_storage_account.storage"
          ]
        }
      ]
    },
    {
      "mode": "managed",
      "type": "null_resource",
      "name": "function_app_publish",
      "provider": "provider[\"registry.terraform.io/hashicorp/null\"]",
      "instances": [
        {
          "schema_version": 0,
          "attributes": {
            "id": "3235624783754629906",
            "triggers": {
              "input_json": "7c38c0369de4e7f198d1c8bc49a53c03",
              "publish_code_command": "az webapp deployment source config-zip --resource-group FuckBudget_RG --name FuckBudget-test --src function.zip \u0026\u0026 rm -f function.zip"
            }
          },
          "sensitive_attributes": [],
          "private": "bnVsbA==",
          "dependencies": [
            "azurerm_resource_group.group",
            "azurerm_windows_function_app.FuckBudget",
            "data.archive_file.file_function_app"
          ]
        }
      ]
    }
  ]
}
